dependencies:
- name: grafana
  repository: https://grafana.github.io/helm-charts
  version: 6.43.0
- name: mimir-distributed
  repository: https://grafana.github.io/helm-charts
  version: 4.0.0-weekly.209
digest: sha256:0e6088d7e2e1285954da9809763cdecf9e3e6b1786793fb57dfd7c60788535f4
generated: "2022-10-26T12:30:08.755485+01:00"
